
Microsoft Visual Studio Solution File, Format Version 12.00
# Visual Studio Version 17
VisualStudioVersion = 17.14.36511.14 d17.14
MinimumVisualStudioVersion = 10.0.40219.1
Project("{FAE04EC0-301F-11D3-BF4B-00C04F79EFBC}") = "FluentAPI", "FluentAPI\FluentAPI.csproj", "{60A224EF-C17A-4F90-8DA7-A24E16B126C7}"
EndProject
Global
	GlobalSection(SolutionConfigurationPlatforms) = preSolution
		Debug|Any CPU = Debug|Any CPU
		Release|Any CPU = Release|Any CPU
	EndGlobalSection
	GlobalSection(ProjectConfigurationPlatforms) = postSolution
		{60A224EF-C17A-4F90-8DA7-A24E16B126C7}.Debug|Any CPU.ActiveCfg = Debug|Any CPU
		{60A224EF-C17A-4F90-8DA7-A24E16B126C7}.Debug|Any CPU.Build.0 = Debug|Any CPU
		{60A224EF-C17A-4F90-8DA7-A24E16B126C7}.Release|Any CPU.ActiveCfg = Release|Any CPU
		{60A224EF-C17A-4F90-8DA7-A24E16B126C7}.Release|Any CPU.Build.0 = Release|Any CPU
	EndGlobalSection
	GlobalSection(SolutionProperties) = preSolution
		HideSolutionNode = FALSE
	EndGlobalSection
	GlobalSection(ExtensibilityGlobals) = postSolution
		SolutionGuid = {ED6B6A90-7B80-4D7C-8C18-44A00FC6AB1B}
	EndGlobalSection
EndGlobal
